// !$*UTF8*$!
{
	archiveVersion = 1;
	classes = {
	};
	objectVersion = 50;
	objects = {

/* Begin PBXBuildFile section */
		D36E604926A7260A00A4E6A6 /* AppDelegate.swift in Sources */ = {isa = PBXBuildFile; fileRef = D36E604826A7260A00A4E6A6 /* AppDelegate.swift */; };
		D36E604B26A7260A00A4E6A6 /* SceneDelegate.swift in Sources */ = {isa = PBXBuildFile; fileRef = D36E604A26A7260A00A4E6A6 /* SceneDelegate.swift */; };
		D36E604D26A7260A00A4E6A6 /* ViewController.swift in Sources */ = {isa = PBXBuildFile; fileRef = D36E604C26A7260A00A4E6A6 /* ViewController.swift */; };
		D36E605026A7260A00A4E6A6 /* Main.storyboard in Resources */ = {isa = PBXBuildFile; fileRef = D36E604E26A7260A00A4E6A6 /* Main.storyboard */; };
		D36E605226A7260E00A4E6A6 /* Assets.xcassets in Resources */ = {isa = PBXBuildFile; fileRef = D36E605126A7260E00A4E6A6 /* Assets.xcassets */; };
		D36E605526A7260E00A4E6A6 /* LaunchScreen.storyboard in Resources */ = {isa = PBXBuildFile; fileRef = D36E605326A7260E00A4E6A6 /* LaunchScreen.storyboard */; };
		D36E606026A7260E00A4E6A6 /* SeguesTests.swift in Sources */ = {isa = PBXBuildFile; fileRef = D36E605F26A7260E00A4E6A6 /* SeguesTests.swift */; };
		D36E606B26A7260E00A4E6A6 /* SeguesUITests.swift in Sources */ = {isa = PBXBuildFile; fileRef = D36E606A26A7260E00A4E6A6 /* SeguesUITests.swift */; };
/* End PBXBuildFile section */

/* Begin PBXContainerItemProxy section */
		D36E605C26A7260E00A4E6A6 /* PBXContainerItemProxy */ = {
			isa = PBXContainerItemProxy;
			containerPortal = D36E603D26A7260A00A4E6A6 /* Project object */;
			proxyType = 1;
			remoteGlobalIDString = D36E604426A7260A00A4E6A6;
			remoteInfo = Segues;
		};
		D36E606726A7260E00A4E6A6 /* PBXContainerItemProxy */ = {
			isa = PBXContainerItemProxy;
			containerPortal = D36E603D26A7260A00A4E6A6 /* Project object */;
			proxyType = 1;
			remoteGlobalIDString = D36E604426A7260A00A4E6A6;
			remoteInfo = Segues;
		};
/* End PBXContainerItemProxy section */

/* Begin PBXFileReference section */
		D36E604526A7260A00A4E6A6 /* Segues.app */ = {isa = PBXFileReference; explicitFileType = wrapper.application; includeInIndex = 0; path = Segues.app; sourceTree = BUILT_PRODUCTS_DIR; };
		D36E604826A7260A00A4E6A6 /* AppDelegate.swift */ = {isa = PBXFileReference; lastKnownFileType = sourcecode.swift; path = AppDelegate.swift; sourceTree = "<group>"; };
		D36E604A26A7260A00A4E6A6 /* SceneDelegate.swift */ = {isa = PBXFileReference; lastKnownFileType = sourcecode.swift; path = SceneDelegate.swift; sourceTree = "<group>"; };
		D36E604C26A7260A00A4E6A6 /* ViewController.swift */ = {isa = PBXFileReference; lastKnownFileType = sourcecode.swift; path = ViewController.swift; sourceTree = "<group>"; };
		D36E604F26A7260A00A4E6A6 /* Base */ = {isa = PBXFileReference; lastKnownFileType = file.storyboard; name = Base; path = Base.lproj/Main.storyboard; sourceTree = "<group>"; };
		D36E605126A7260E00A4E6A6 /* Assets.xcassets */ = {isa = PBXFileReference; lastKnownFileType = folder.assetcatalog; path = Assets.xcassets; sourceTree = "<group>"; };
		D36E605426A7260E00A4E6A6 /* Base */ = {isa = PBXFileReference; lastKnownFileType = file.storyboard; name = Base; path = Base.lproj/LaunchScreen.storyboard; sourceTree = "<group>"; };
		D36E605626A7260E00A4E6A6 /* Info.plist */ = {isa = PBXFileReference; lastKnownFileType = text.plist.xml; path = Info.plist; sourceTree = "<group>"; };
		D36E605B26A7260E00A4E6A6 /* SeguesTests.xctest */ = {isa = PBXFileReference; explicitFileType = wrapper.cfbundle; includeInIndex = 0; path = SeguesTests.xctest; sourceTree = BUILT_PRODUCTS_DIR; };
		D36E605F26A7260E00A4E6A6 /* SeguesTests.swift */ = {isa = PBXFileReference; lastKnownFileType = sourcecode.swift; path = SeguesTests.swift; sourceTree = "<group>"; };
		D36E606126A7260E00A4E6A6 /* Info.plist */ = {isa = PBXFileReference; lastKnownFileType = text.plist.xml; path = Info.plist; sourceTree = "<group>"; };
		D36E606626A7260E00A4E6A6 /* SeguesUITests.xctest */ = {isa = PBXFileReference; explicitFileType = wrapper.cfbundle; includeInIndex = 0; path = SeguesUITests.xctest; sourceTree = BUILT_PRODUCTS_DIR; };
		D36E606A26A7260E00A4E6A6 /* SeguesUITests.swift */ = {isa = PBXFileReference; lastKnownFileType = sourcecode.swift; path = SeguesUITests.swift; sourceTree = "<group>"; };
		D36E606C26A7260E00A4E6A6 /* Info.plist */ = {isa = PBXFileReference; lastKnownFileType = text.plist.xml; path = Info.plist; sourceTree = "<group>"; };
/* End PBXFileReference section */

/* Begin PBXFrameworksBuildPhase section */
		D36E604226A7260A00A4E6A6 /* Frameworks */ = {
			isa = PBXFrameworksBuildPhase;
			buildActionMask = 2147483647;
			files = (
			);
			runOnlyForDeploymentPostprocessing = 0;
		};
		D36E605826A7260E00A4E6A6 /* Frameworks */ = {
			isa = PBXFrameworksBuildPhase;
			buildActionMask = 2147483647;
			files = (
			);
			runOnlyForDeploymentPostprocessing = 0;
		};
		D36E606326A7260E00A4E6A6 /* Frameworks */ = {
			isa = PBXFrameworksBuildPhase;
			buildActionMask = 2147483647;
			files = (
			);
			runOnlyForDeploymentPostprocessing = 0;
		};
/* End PBXFrameworksBuildPhase section */

/* Begin PBXGroup section */
		D36E603C26A7260A00A4E6A6 = {
			isa = PBXGroup;
			children = (
				D36E604726A7260A00A4E6A6 /* Segues */,
				D36E605E26A7260E00A4E6A6 /* SeguesTests */,
				D36E606926A7260E00A4E6A6 /* SeguesUITests */,
				D36E604626A7260A00A4E6A6 /* Products */,
			);
			sourceTree = "<group>";
		};
		D36E604626A7260A00A4E6A6 /* Products */ = {
			isa = PBXGroup;
			children = (
				D36E604526A7260A00A4E6A6 /* Segues.app */,
				D36E605B26A7260E00A4E6A6 /* SeguesTests.xctest */,
				D36E606626A7260E00A4E6A6 /* SeguesUITests.xctest */,
			);
			name = Products;
			sourceTree = "<group>";
		};
		D36E604726A7260A00A4E6A6 /* Segues */ = {
			isa = PBXGroup;
			children = (
				D36E604826A7260A00A4E6A6 /* AppDelegate.swift */,
				D36E604A26A7260A00A4E6A6 /* SceneDelegate.swift */,
				D36E604C26A7260A00A4E6A6 /* ViewController.swift */,
				D36E604E26A7260A00A4E6A6 /* Main.storyboard */,
				D36E605126A7260E00A4E6A6 /* Assets.xcassets */,
				D36E605326A7260E00A4E6A6 /* LaunchScreen.storyboard */,
				D36E605626A7260E00A4E6A6 /* Info.plist */,
			);
			path = Segues;
			sourceTree = "<group>";
		};
		D36E605E26A7260E00A4E6A6 /* SeguesTests */ = {
			isa = PBXGroup;
			children = (
				D36E605F26A7260E00A4E6A6 /* SeguesTests.swift */,
				D36E606126A7260E00A4E6A6 /* Info.plist */,
			);
			path = SeguesTests;
			sourceTree = "<group>";
		};
		D36E606926A7260E00A4E6A6 /* SeguesUITests */ = {
			isa = PBXGroup;
			children = (
				D36E606A26A7260E00A4E6A6 /* SeguesUITests.swift */,
				D36E606C26A7260E00A4E6A6 /* Info.plist */,
			);
			path = SeguesUITests;
			sourceTree = "<group>";
		};
/* End PBXGroup section */

/* Begin PBXNativeTarget section */
		D36E604426A7260A00A4E6A6 /* Segues */ = {
			isa = PBXNativeTarget;
			buildConfigurationList = D36E606F26A7260E00A4E6A6 /* Build configuration list for PBXNativeTarget "Segues" */;
			buildPhases = (
				D36E604126A7260A00A4E6A6 /* Sources */,
				D36E604226A7260A00A4E6A6 /* Frameworks */,
				D36E604326A7260A00A4E6A6 /* Resources */,
			);
			buildRules = (
			);
			dependencies = (
			);
			name = Segues;
			productName = Segues;
			productReference = D36E604526A7260A00A4E6A6 /* Segues.app */;
			productType = "com.apple.product-type.application";
		};
		D36E605A26A7260E00A4E6A6 /* SeguesTests */ = {
			isa = PBXNativeTarget;
			buildConfigurationList = D36E607226A7260E00A4E6A6 /* Build configuration list for PBXNativeTarget "SeguesTests" */;
			buildPhases = (
				D36E605726A7260E00A4E6A6 /* Sources */,
				D36E605826A7260E00A4E6A6 /* Frameworks */,
				D36E605926A7260E00A4E6A6 /* Resources */,
			);
			buildRules = (
			);
			dependencies = (
				D36E605D26A7260E00A4E6A6 /* PBXTargetDependency */,
			);
			name = SeguesTests;
			productName = SeguesTests;
			productReference = D36E605B26A7260E00A4E6A6 /* SeguesTests.xctest */;
			productType = "com.apple.product-type.bundle.unit-test";
		};
		D36E606526A7260E00A4E6A6 /* SeguesUITests */ = {
			isa = PBXNativeTarget;
			buildConfigurationList = D36E607526A7260E00A4E6A6 /* Build configuration list for PBXNativeTarget "SeguesUITests" */;
			buildPhases = (
				D36E606226A7260E00A4E6A6 /* Sources */,
				D36E606326A7260E00A4E6A6 /* Frameworks */,
				D36E606426A7260E00A4E6A6 /* Resources */,
			);
			buildRules = (
			);
			dependencies = (
				D36E606826A7260E00A4E6A6 /* PBXTargetDependency */,
			);
			name = SeguesUITests;
			productName = SeguesUITests;
			productReference = D36E606626A7260E00A4E6A6 /* SeguesUITests.xctest */;
			productType = "com.apple.product-type.bundle.ui-testing";
		};
/* End PBXNativeTarget section */

/* Begin PBXProject section */
		D36E603D26A7260A00A4E6A6 /* Project object */ = {
			isa = PBXProject;
			attributes = {
				LastSwiftUpdateCheck = 1250;
				LastUpgradeCheck = 1250;
				TargetAttributes = {
					D36E604426A7260A00A4E6A6 = {
						CreatedOnToolsVersion = 12.5.1;
					};
					D36E605A26A7260E00A4E6A6 = {
						CreatedOnToolsVersion = 12.5.1;
						TestTargetID = D36E604426A7260A00A4E6A6;
					};
					D36E606526A7260E00A4E6A6 = {
						CreatedOnToolsVersion = 12.5.1;
						TestTargetID = D36E604426A7260A00A4E6A6;
					};
				};
			};
			buildConfigurationList = D36E604026A7260A00A4E6A6 /* Build configuration list for PBXProject "Segues" */;
			compatibilityVersion = "Xcode 9.3";
			developmentRegion = en;
			hasScannedForEncodings = 0;
			knownRegions = (
				en,
				Base,
			);
			mainGroup = D36E603C26A7260A00A4E6A6;
			productRefGroup = D36E604626A7260A00A4E6A6 /* Products */;
			projectDirPath = "";
			projectRoot = "";
			targets = (
				D36E604426A7260A00A4E6A6 /* Segues */,
				D36E605A26A7260E00A4E6A6 /* SeguesTests */,
				D36E606526A7260E00A4E6A6 /* SeguesUITests */,
			);
		};
/* End PBXProject section */

/* Begin PBXResourcesBuildPhase section */
		D36E604326A7260A00A4E6A6 /* Resources */ = {
			isa = PBXResourcesBuildPhase;
			buildActionMask = 2147483647;
			files = (
				D36E605526A7260E00A4E6A6 /* LaunchScreen.storyboard in Resources */,
				D36E605226A7260E00A4E6A6 /* Assets.xcassets in Resources */,
				D36E605026A7260A00A4E6A6 /* Main.storyboard in Resources */,
			);
			runOnlyForDeploymentPostprocessing = 0;
		};
		D36E605926A7260E00A4E6A6 /* Resources */ = {
			isa = PBXResourcesBuildPhase;
			buildActionMask = 2147483647;
			files = (
			);
			runOnlyForDeploymentPostprocessing = 0;
		};
		D36E606426A7260E00A4E6A6 /* Resources */ = {
			isa = PBXResourcesBuildPhase;
			buildActionMask = 2147483647;
			files = (
			);
			runOnlyForDeploymentPostprocessing = 0;
		};
/* End PBXResourcesBuildPhase section */

/* Begin PBXSourcesBuildPhase section */
		D36E604126A7260A00A4E6A6 /* Sources */ = {
			isa = PBXSourcesBuildPhase;
			buildActionMask = 2147483647;
			files = (
				D36E604D26A7260A00A4E6A6 /* ViewController.swift in Sources */,
				D36E604926A7260A00A4E6A6 /* AppDelegate.swift in Sources */,
				D36E604B26A7260A00A4E6A6 /* SceneDelegate.swift in Sources */,
			);
			runOnlyForDeploymentPostprocessing = 0;
		};
		D36E605726A7260E00A4E6A6 /* Sources */ = {
			isa = PBXSourcesBuildPhase;
			buildActionMask = 2147483647;
			files = (
				D36E606026A7260E00A4E6A6 /* SeguesTests.swift in Sources */,
			);
			runOnlyForDeploymentPostprocessing = 0;
		};
		D36E606226A7260E00A4E6A6 /* Sources */ = {
			isa = PBXSourcesBuildPhase;
			buildActionMask = 2147483647;
			files = (
				D36E606B26A7260E00A4E6A6 /* SeguesUITests.swift in Sources */,
			);
			runOnlyForDeploymentPostprocessing = 0;
		};
/* End PBXSourcesBuildPhase section */

/* Begin PBXTargetDependency section */
		D36E605D26A7260E00A4E6A6 /* PBXTargetDependency */ = {
			isa = PBXTargetDependency;
			target = D36E604426A7260A00A4E6A6 /* Segues */;
			targetProxy = D36E605C26A7260E00A4E6A6 /* PBXContainerItemProxy */;
		};
		D36E606826A7260E00A4E6A6 /* PBXTargetDependency */ = {
			isa = PBXTargetDependency;
			target = D36E604426A7260A00A4E6A6 /* Segues */;
			targetProxy = D36E606726A7260E00A4E6A6 /* PBXContainerItemProxy */;
		};
/* End PBXTargetDependency section */

/* Begin PBXVariantGroup section */
		D36E604E26A7260A00A4E6A6 /* Main.storyboard */ = {
			isa = PBXVariantGroup;
			children = (
				D36E604F26A7260A00A4E6A6 /* Base */,
			);
			name = Main.storyboard;
			sourceTree = "<group>";
		};
		D36E605326A7260E00A4E6A6 /* LaunchScreen.storyboard */ = {
			isa = PBXVariantGroup;
			children = (
				D36E605426A7260E00A4E6A6 /* Base */,
			);
			name = LaunchScreen.storyboard;
			sourceTree = "<group>";
		};
/* End PBXVariantGroup section */

/* Begin XCBuildConfiguration section */
		D36E606D26A7260E00A4E6A6 /* Debug */ = {
			isa = XCBuildConfiguration;
			buildSettings = {
				ALWAYS_SEARCH_USER_PATHS = NO;
				CLANG_ANALYZER_NONNULL = YES;
				CLANG_ANALYZER_NUMBER_OBJECT_CONVERSION = YES_AGGRESSIVE;
				CLANG_CXX_LANGUAGE_STANDARD = "gnu++14";
				CLANG_CXX_LIBRARY = "libc++";
				CLANG_ENABLE_MODULES = YES;
				CLANG_ENABLE_OBJC_ARC = YES;
				CLANG_ENABLE_OBJC_WEAK = YES;
				CLANG_WARN_BLOCK_CAPTURE_AUTORELEASING = YES;
				CLANG_WARN_BOOL_CONVERSION = YES;
				CLANG_WARN_COMMA = YES;
				CLANG_WARN_CONSTANT_CONVERSION = YES;
				CLANG_WARN_DEPRECATED_OBJC_IMPLEMENTATIONS = YES;
				CLANG_WARN_DIRECT_OBJC_ISA_USAGE = YES_ERROR;
				CLANG_WARN_DOCUMENTATION_COMMENTS = YES;
				CLANG_WARN_EMPTY_BODY = YES;
				CLANG_WARN_ENUM_CONVERSION = YES;
				CLANG_WARN_INFINITE_RECURSION = YES;
				CLANG_WARN_INT_CONVERSION = YES;
				CLANG_WARN_NON_LITERAL_NULL_CONVERSION = YES;
				CLANG_WARN_OBJC_IMPLICIT_RETAIN_SELF = YES;
				CLANG_WARN_OBJC_LITERAL_CONVERSION = YES;
				CLANG_WARN_OBJC_ROOT_CLASS = YES_ERROR;
				CLANG_WARN_QUOTED_INCLUDE_IN_FRAMEWORK_HEADER = YES;
				CLANG_WARN_RANGE_LOOP_ANALYSIS = YES;
				CLANG_WARN_STRICT_PROTOTYPES = YES;
				CLANG_WARN_SUSPICIOUS_MOVE = YES;
				CLANG_WARN_UNGUARDED_AVAILABILITY = YES_AGGRESSIVE;
				CLANG_WARN_UNREACHABLE_CODE = YES;
				CLANG_WARN__DUPLICATE_METHOD_MATCH = YES;
				COPY_PHASE_STRIP = NO;
				DEBUG_INFORMATION_FORMAT = dwarf;
				ENABLE_STRICT_OBJC_MSGSEND = YES;
				ENABLE_TESTABILITY = YES;
				GCC_C_LANGUAGE_STANDARD = gnu11;
				GCC_DYNAMIC_NO_PIC = NO;
				GCC_NO_COMMON_BLOCKS = YES;
				GCC_OPTIMIZATION_LEVEL = 0;
				GCC_PREPROCESSOR_DEFINITIONS = (
					"DEBUG=1",
					"$(inherited)",
				);
				GCC_WARN_64_TO_32_BIT_CONVERSION = YES;
				GCC_WARN_ABOUT_RETURN_TYPE = YES_ERROR;
				GCC_WARN_UNDECLARED_SELECTOR = YES;
				GCC_WARN_UNINITIALIZED_AUTOS = YES_AGGRESSIVE;
				GCC_WARN_UNUSED_FUNCTION = YES;
				GCC_WARN_UNUSED_VARIABLE = YES;
				IPHONEOS_DEPLOYMENT_TARGET = 14.5;
				MTL_ENABLE_DEBUG_INFO = INCLUDE_SOURCE;
				MTL_FAST_MATH = YES;
				ONLY_ACTIVE_ARCH = YES;
				SDKROOT = iphoneos;
				SWIFT_ACTIVE_COMPILATION_CONDITIONS = DEBUG;
				SWIFT_OPTIMIZATION_LEVEL = "-Onone";
			};
			name = Debug;
		};
		D36E606E26A7260E00A4E6A6 /* Release */ = {
			isa = XCBuildConfiguration;
			buildSettings = {
				ALWAYS_SEARCH_USER_PATHS = NO;
				CLANG_ANALYZER_NONNULL = YES;
				CLANG_ANALYZER_NUMBER_OBJECT_CONVERSION = YES_AGGRESSIVE;
				CLANG_CXX_LANGUAGE_STANDARD = "gnu++14";
				CLANG_CXX_LIBRARY = "libc++";
				CLANG_ENABLE_MODULES = YES;
				CLANG_ENABLE_OBJC_ARC = YES;
				CLANG_ENABLE_OBJC_WEAK = YES;
				CLANG_WARN_BLOCK_CAPTURE_AUTORELEASING = YES;
				CLANG_WARN_BOOL_CONVERSION = YES;
				CLANG_WARN_COMMA = YES;
				CLANG_WARN_CONSTANT_CONVERSION = YES;
				CLANG_WARN_DEPRECATED_OBJC_IMPLEMENTATIONS = YES;
				CLANG_WARN_DIRECT_OBJC_ISA_USAGE = YES_ERROR;
				CLANG_WARN_DOCUMENTATION_COMMENTS = YES;
				CLANG_WARN_EMPTY_BODY = YES;
				CLANG_WARN_ENUM_CONVERSION = YES;
				CLANG_WARN_INFINITE_RECURSION = YES;
				CLANG_WARN_INT_CONVERSION = YES;
				CLANG_WARN_NON_LITERAL_NULL_CONVERSION = YES;
				CLANG_WARN_OBJC_IMPLICIT_RETAIN_SELF = YES;
				CLANG_WARN_OBJC_LITERAL_CONVERSION = YES;
				CLANG_WARN_OBJC_ROOT_CLASS = YES_ERROR;
				CLANG_WARN_QUOTED_INCLUDE_IN_FRAMEWORK_HEADER = YES;
				CLANG_WARN_RANGE_LOOP_ANALYSIS = YES;
				CLANG_WARN_STRICT_PROTOTYPES = YES;
				CLANG_WARN_SUSPICIOUS_MOVE = YES;
				CLANG_WARN_UNGUARDED_AVAILABILITY = YES_AGGRESSIVE;
				CLANG_WARN_UNREACHABLE_CODE = YES;
				CLANG_WARN__DUPLICATE_METHOD_MATCH = YES;
				COPY_PHASE_STRIP = NO;
				DEBUG_INFORMATION_FORMAT = "dwarf-with-dsym";
				ENABLE_NS_ASSERTIONS = NO;
				ENABLE_STRICT_OBJC_MSGSEND = YES;
				GCC_C_LANGUAGE_STANDARD = gnu11;
				GCC_NO_COMMON_BLOCKS = YES;
				GCC_WARN_64_TO_32_BIT_CONVERSION = YES;
				GCC_WARN_ABOUT_RETURN_TYPE = YES_ERROR;
				GCC_WARN_UNDECLARED_SELECTOR = YES;
				GCC_WARN_UNINITIALIZED_AUTOS = YES_AGGRESSIVE;
				GCC_WARN_UNUSED_FUNCTION = YES;
				GCC_WARN_UNUSED_VARIABLE = YES;
				IPHONEOS_DEPLOYMENT_TARGET = 14.5;
				MTL_ENABLE_DEBUG_INFO = NO;
				MTL_FAST_MATH = YES;
				SDKROOT = iphoneos;
				SWIFT_COMPILATION_MODE = wholemodule;
				SWIFT_OPTIMIZATION_LEVEL = "-O";
				VALIDATE_PRODUCT = YES;
			};
			name = Release;
		};
		D36E607026A7260E00A4E6A6 /* Debug */ = {
			isa = XCBuildConfiguration;
			buildSettings = {
				ASSETCATALOG_COMPILER_APPICON_NAME = AppIcon;
				ASSETCATALOG_COMPILER_GLOBAL_ACCENT_COLOR_NAME = AccentColor;
				CODE_SIGN_STYLE = Automatic;
				DEVELOPMENT_TEAM = 8Z8DP7ZNP4;
				INFOPLIST_FILE = Segues/Info.plist;
				LD_RUNPATH_SEARCH_PATHS = (
					"$(inherited)",
					"@executable_path/Frameworks",
				);
				PRODUCT_BUNDLE_IDENTIFIER = come.idonthaveanorganizationlol.Segues;
				PRODUCT_NAME = "$(TARGET_NAME)";
				SWIFT_VERSION = 5.0;
				TARGETED_DEVICE_FAMILY = "1,2";
			};
			name = Debug;
		};
		D36E607126A7260E00A4E6A6 /* Release */ = {
			isa = XCBuildConfiguration;
			buildSettings = {
				ASSETCATALOG_COMPILER_APPICON_NAME = AppIcon;
				ASSETCATALOG_COMPILER_GLOBAL_ACCENT_COLOR_NAME = AccentColor;
				CODE_SIGN_STYLE = Automatic;
				DEVELOPMENT_TEAM = 8Z8DP7ZNP4;
				INFOPLIST_FILE = Segues/Info.plist;
				LD_RUNPATH_SEARCH_PATHS = (
					"$(inherited)",
					"@executable_path/Frameworks",
				);
				PRODUCT_BUNDLE_IDENTIFIER = come.idonthaveanorganizationlol.Segues;
				PRODUCT_NAME = "$(TARGET_NAME)";
				SWIFT_VERSION = 5.0;
				TARGETED_DEVICE_FAMILY = "1,2";
			};
			name = Release;
		};
		D36E607326A7260E00A4E6A6 /* Debug */ = {
			isa = XCBuildConfiguration;
			buildSettings = {
				ALWAYS_EMBED_SWIFT_STANDARD_LIBRARIES = YES;
				BUNDLE_LOADER = "$(TEST_HOST)";
				CODE_SIGN_STYLE = Automatic;
				DEVELOPMENT_TEAM = 8Z8DP7ZNP4;
				INFOPLIST_FILE = SeguesTests/Info.plist;
				IPHONEOS_DEPLOYMENT_TARGET = 14.5;
				LD_RUNPATH_SEARCH_PATHS = (
					"$(inherited)",
					"@executable_path/Frameworks",
					"@loader_path/Frameworks",
				);
				PRODUCT_BUNDLE_IDENTIFIER = come.idonthaveanorganizationlol.SeguesTests;
				PRODUCT_NAME = "$(TARGET_NAME)";
				SWIFT_VERSION = 5.0;
				TARGETED_DEVICE_FAMILY = "1,2";
				TEST_HOST = "$(BUILT_PRODUCTS_DIR)/Segues.app/Segues";
			};
			name = Debug;
		};
		D36E607426A7260E00A4E6A6 /* Release */ = {
			isa = XCBuildConfiguration;
			buildSettings = {
				ALWAYS_EMBED_SWIFT_STANDARD_LIBRARIES = YES;
				BUNDLE_LOADER = "$(TEST_HOST)";
				CODE_SIGN_STYLE = Automatic;
				DEVELOPMENT_TEAM = 8Z8DP7ZNP4;
				INFOPLIST_FILE = SeguesTests/Info.plist;
				IPHONEOS_DEPLOYMENT_TARGET = 14.5;
				LD_RUNPATH_SEARCH_PATHS = (
					"$(inherited)",
					"@executable_path/Frameworks",
					"@loader_path/Frameworks",
				);
				PRODUCT_BUNDLE_IDENTIFIER = come.idonthaveanorganizationlol.SeguesTests;
				PRODUCT_NAME = "$(TARGET_NAME)";
				SWIFT_VERSION = 5.0;
				TARGETED_DEVICE_FAMILY = "1,2";
				TEST_HOST = "$(BUILT_PRODUCTS_DIR)/Segues.app/Segues";
			};
			name = Release;
		};
		D36E607626A7260E00A4E6A6 /* Debug */ = {
			isa = XCBuildConfiguration;
			buildSettings = {
				ALWAYS_EMBED_SWIFT_STANDARD_LIBRARIES = YES;
				CODE_SIGN_STYLE = Automatic;
				DEVELOPMENT_TEAM = 8Z8DP7ZNP4;
				INFOPLIST_FILE = SeguesUITests/Info.plist;
				LD_RUNPATH_SEARCH_PATHS = (
					"$(inherited)",
					"@executable_path/Frameworks",
					"@loader_path/Frameworks",
				);
				PRODUCT_BUNDLE_IDENTIFIER = come.idonthaveanorganizationlol.SeguesUITests;
				PRODUCT_NAME = "$(TARGET_NAME)";
				SWIFT_VERSION = 5.0;
				TARGETED_DEVICE_FAMILY = "1,2";
				TEST_TARGET_NAME = Segues;
			};
			name = Debug;
		};
		D36E607726A7260E00A4E6A6 /* Release */ = {
			isa = XCBuildConfiguration;
			buildSettings = {
				ALWAYS_EMBED_SWIFT_STANDARD_LIBRARIES = YES;
				CODE_SIGN_STYLE = Automatic;
				DEVELOPMENT_TEAM = 8Z8DP7ZNP4;
				INFOPLIST_FILE = SeguesUITests/Info.plist;
				LD_RUNPATH_SEARCH_PATHS = (
					"$(inherited)",
					"@executable_path/Frameworks",
					"@loader_path/Frameworks",
				);
				PRODUCT_BUNDLE_IDENTIFIER = come.idonthaveanorganizationlol.SeguesUITests;
				PRODUCT_NAME = "$(TARGET_NAME)";
				SWIFT_VERSION = 5.0;
				TARGETED_DEVICE_FAMILY = "1,2";
				TEST_TARGET_NAME = Segues;
			};
			name = Release;
		};
/* End XCBuildConfiguration section */

/* Begin XCConfigurationList section */
		D36E604026A7260A00A4E6A6 /* Build configuration list for PBXProject "Segues" */ = {
			isa = XCConfigurationList;
			buildConfigurations = (
				D36E606D26A7260E00A4E6A6 /* Debug */,
				D36E606E26A7260E00A4E6A6 /* Release */,
			);
			defaultConfigurationIsVisible = 0;
			defaultConfigurationName = Release;
		};
		D36E606F26A7260E00A4E6A6 /* Build configuration list for PBXNativeTarget "Segues" */ = {
			isa = XCConfigurationList;
			buildConfigurations = (
				D36E607026A7260E00A4E6A6 /* Debug */,
				D36E607126A7260E00A4E6A6 /* Release */,
			);
			defaultConfigurationIsVisible = 0;
			defaultConfigurationName = Release;
		};
		D36E607226A7260E00A4E6A6 /* Build configuration list for PBXNativeTarget "SeguesTests" */ = {
			isa = XCConfigurationList;
			buildConfigurations = (
				D36E607326A7260E00A4E6A6 /* Debug */,
				D36E607426A7260E00A4E6A6 /* Release */,
			);
			defaultConfigurationIsVisible = 0;
			defaultConfigurationName = Release;
		};
		D36E607526A7260E00A4E6A6 /* Build configuration list for PBXNativeTarget "SeguesUITests" */ = {
			isa = XCConfigurationList;
			buildConfigurations = (
				D36E607626A7260E00A4E6A6 /* Debug */,
				D36E607726A7260E00A4E6A6 /* Release */,
			);
			defaultConfigurationIsVisible = 0;
			defaultConfigurationName = Release;
		};
/* End XCConfigurationList section */
	};
	rootObject = D36E603D26A7260A00A4E6A6 /* Project object */;
}
